
Microsoft Visual Studio Solution File, Format Version 12.00
# Visual Studio Version 17
VisualStudioVersion = 17.5.33502.453
MinimumVisualStudioVersion = 10.0.40219.1
Project("{FAE04EC0-301F-11D3-BF4B-00C04F79EFBC}") = "OrderingSystem", "OrderingSystem.csproj", "{47196398-60CB-4545-9917-1FA6299DCEAA}"
EndProject
Global
	GlobalSection(SolutionConfigurationPlatforms) = preSolution
		Debug|Any CPU = Debug|Any CPU
		Release|Any CPU = Release|Any CPU
	EndGlobalSection
	GlobalSection(ProjectConfigurationPlatforms) = postSolution
		{47196398-60CB-4545-9917-1FA6299DCEAA}.Debug|Any CPU.ActiveCfg = Debug|Any CPU
		{47196398-60CB-4545-9917-1FA6299DCEAA}.Debug|Any CPU.Build.0 = Debug|Any CPU
		{47196398-60CB-4545-9917-1FA6299DCEAA}.Release|Any CPU.ActiveCfg = Release|Any CPU
		{47196398-60CB-4545-9917-1FA6299DCEAA}.Release|Any CPU.Build.0 = Release|Any CPU
	EndGlobalSection
	GlobalSection(SolutionProperties) = preSolution
		HideSolutionNode = FALSE
	EndGlobalSection
	GlobalSection(ExtensibilityGlobals) = postSolution
		SolutionGuid = {77AF69C7-11FA-45FD-BA7F-66F19909386F}
	EndGlobalSection
EndGlobal
